{
  "name": "portproto",
  "version": "0.0.1",
  "lockfileVersion": 1,
  "requires": true,
  "repository": {
    "type": "git",
    "url": "git://github.com/vitorgomateus/port_proto.git"
  },
  "dependencies": {
    "colors": {
      "version": "1.1.2",
      "resolved": "https://registry.npmjs.org/colors/-/colors-1.1.2.tgz",
      "integrity": "sha1-FopHAXVran9RoSzgyXv6KMCE7WM="
    },
    "jquery-mousewheel": {
      "version": "3.1.13",
      "resolved": "https://registry.npmjs.org/jquery-mousewheel/-/jquery-mousewheel-3.1.13.tgz",
      "integrity": "sha1-BvAzXxbjU6aV5yBr9QUDy1I6buU="
    },
    "loading-animation": {
      "version": "0.0.2-a",
      "resolved": "https://registry.npmjs.org/loading-animation/-/loading-animation-0.0.2-a.tgz",
      "integrity": "sha512-/YtX36H8gk2MN6EKxPcA9iF514qHfbOFhZG1Sy0fsa/2LrbnzwcMKWInRteMtxPX244T3wj2LPuQb+4wiKteqA==",
      "requires": {
        "colors": "1.1.2"
      }
    }
  }
}
